
Microsoft Visual Studio Solution File, Format Version 12.00
# Visual Studio Version 16
VisualStudioVersion = 16.0.30611.23
MinimumVisualStudioVersion = 10.0.40219.1
Project("{FAE04EC0-301F-11D3-BF4B-00C04F79EFBC}") = "WPFChat", "WPFChat\WPFChat.csproj", "{C46693A6-6E65-411C-A720-80B240EEC88C}"
EndProject
Global
	GlobalSection(SolutionConfigurationPlatforms) = preSolution
		Debug|Any CPU = Debug|Any CPU
		Release|Any CPU = Release|Any CPU
	EndGlobalSection
	GlobalSection(ProjectConfigurationPlatforms) = postSolution
		{C46693A6-6E65-411C-A720-80B240EEC88C}.Debug|Any CPU.ActiveCfg = Debug|Any CPU
		{C46693A6-6E65-411C-A720-80B240EEC88C}.Debug|Any CPU.Build.0 = Debug|Any CPU
		{C46693A6-6E65-411C-A720-80B240EEC88C}.Release|Any CPU.ActiveCfg = Release|Any CPU
		{C46693A6-6E65-411C-A720-80B240EEC88C}.Release|Any CPU.Build.0 = Release|Any CPU
	EndGlobalSection
	GlobalSection(SolutionProperties) = preSolution
		HideSolutionNode = FALSE
	EndGlobalSection
	GlobalSection(ExtensibilityGlobals) = postSolution
		SolutionGuid = {738C313F-33DA-4752-864F-24B6A05D2C58}
	EndGlobalSection
EndGlobal
